// !$*UTF8*$!
{
	archiveVersion = 1;
	classes = {
	};
	objectVersion = 56;
	objects = {

/* Begin PBXBuildFile section */
		511E14B12B25B0850018F508 /* AppDelegate.swift in Sources */ = {isa = PBXBuildFile; fileRef = 511E14B02B25B0850018F508 /* AppDelegate.swift */; };
		511E14B32B25B0850018F508 /* SceneDelegate.swift in Sources */ = {isa = PBXBuildFile; fileRef = 511E14B22B25B0850018F508 /* SceneDelegate.swift */; };
		511E14B82B25B0850018F508 /* Main.storyboard in Resources */ = {isa = PBXBuildFile; fileRef = 511E14B62B25B0850018F508 /* Main.storyboard */; };
		511E14BD2B25B08A0018F508 /* LaunchScreen.storyboard in Resources */ = {isa = PBXBuildFile; fileRef = 511E14BB2B25B08A0018F508 /* LaunchScreen.storyboard */; };
		511E14CE2B25B11D0018F508 /* QuizViewController.swift in Sources */ = {isa = PBXBuildFile; fileRef = 511E14C82B25B11D0018F508 /* QuizViewController.swift */; };
		511E14D02B25B11D0018F508 /* SettingsViewController.swift in Sources */ = {isa = PBXBuildFile; fileRef = 511E14CA2B25B11D0018F508 /* SettingsViewController.swift */; };
		511E14D12B25B11D0018F508 /* StartScreenViewController.swift in Sources */ = {isa = PBXBuildFile; fileRef = 511E14CB2B25B11D0018F508 /* StartScreenViewController.swift */; };
		511E14D22B25B11D0018F508 /* StatisticsViewController.swift in Sources */ = {isa = PBXBuildFile; fileRef = 511E14CC2B25B11D0018F508 /* StatisticsViewController.swift */; };
		511E14DF2B25B24A0018F508 /* PortfolioViewController.swift in Sources */ = {isa = PBXBuildFile; fileRef = 511E14DE2B25B24A0018F508 /* PortfolioViewController.swift */; };
		511E14E32B25B29A0018F508 /* TabBarViewController.swift in Sources */ = {isa = PBXBuildFile; fileRef = 511E14E22B25B2990018F508 /* TabBarViewController.swift */; };
		511E14E92B25B3CA0018F508 /* InfoTableViewCell.swift in Sources */ = {isa = PBXBuildFile; fileRef = 511E14E62B25B3CA0018F508 /* InfoTableViewCell.swift */; };
		511E14EA2B25B3CA0018F508 /* InfoViewController.swift in Sources */ = {isa = PBXBuildFile; fileRef = 511E14E72B25B3CA0018F508 /* InfoViewController.swift */; };
		511E14EB2B25B3CA0018F508 /* Info.swift in Sources */ = {isa = PBXBuildFile; fileRef = 511E14E82B25B3CA0018F508 /* Info.swift */; };
		511E14F12B25B4610018F508 /* SnapKit in Frameworks */ = {isa = PBXBuildFile; productRef = 511E14F02B25B4610018F508 /* SnapKit */; };
		511E14F32B25B4610018F508 /* SnapKit-Dynamic in Frameworks */ = {isa = PBXBuildFile; productRef = 511E14F22B25B4610018F508 /* SnapKit-Dynamic */; };
		512E0B0C2B25DE0500EA3D9E /* CryptoTableViewCell.swift in Sources */ = {isa = PBXBuildFile; fileRef = 512E0B0B2B25DE0500EA3D9E /* CryptoTableViewCell.swift */; };
		512E0B112B25E94E00EA3D9E /* Assets 3.xcassets in Resources */ = {isa = PBXBuildFile; fileRef = 512E0B102B25E94E00EA3D9E /* Assets 3.xcassets */; };
		512E0B192B28370000EA3D9E /* AboutViewController.swift in Sources */ = {isa = PBXBuildFile; fileRef = 512E0B182B28370000EA3D9E /* AboutViewController.swift */; };
		512E0B1F2B284FDA00EA3D9E /* InfoMassive.swift in Sources */ = {isa = PBXBuildFile; fileRef = 512E0B1E2B284FDA00EA3D9E /* InfoMassive.swift */; };
		512E0B222B2868E600EA3D9E /* DGCharts in Frameworks */ = {isa = PBXBuildFile; productRef = 512E0B212B2868E600EA3D9E /* DGCharts */; };
		512E0B242B2868E600EA3D9E /* DGChartsDynamic in Frameworks */ = {isa = PBXBuildFile; productRef = 512E0B232B2868E600EA3D9E /* DGChartsDynamic */; };
		512E0B262B286A7A00EA3D9E /* DGCharts in Frameworks */ = {isa = PBXBuildFile; productRef = 512E0B252B286A7A00EA3D9E /* DGCharts */; };
		512E0B282B286A7A00EA3D9E /* DGChartsDynamic in Frameworks */ = {isa = PBXBuildFile; productRef = 512E0B272B286A7A00EA3D9E /* DGChartsDynamic */; };
		512E0B3D2B28BD4300EA3D9E /* SFProDisplay-Bold.ttf in Resources */ = {isa = PBXBuildFile; fileRef = 512E0B342B28BD4200EA3D9E /* SFProDisplay-Bold.ttf */; };
		512E0B3E2B28BD4300EA3D9E /* SFProDisplay-Medium.ttf in Resources */ = {isa = PBXBuildFile; fileRef = 512E0B352B28BD4200EA3D9E /* SFProDisplay-Medium.ttf */; };
		512E0B3F2B28BD4300EA3D9E /* SFProDisplay-Ultralight.ttf in Resources */ = {isa = PBXBuildFile; fileRef = 512E0B362B28BD4200EA3D9E /* SFProDisplay-Ultralight.ttf */; };
		512E0B402B28BD4300EA3D9E /* SFProDisplay-Semibold.ttf in Resources */ = {isa = PBXBuildFile; fileRef = 512E0B372B28BD4200EA3D9E /* SFProDisplay-Semibold.ttf */; };
		512E0B412B28BD4300EA3D9E /* SFProDisplay-Thin.ttf in Resources */ = {isa = PBXBuildFile; fileRef = 512E0B382B28BD4200EA3D9E /* SFProDisplay-Thin.ttf */; };
		512E0B422B28BD4300EA3D9E /* SFProDisplay-Heavy.ttf in Resources */ = {isa = PBXBuildFile; fileRef = 512E0B392B28BD4200EA3D9E /* SFProDisplay-Heavy.ttf */; };
		512E0B432B28BD4300EA3D9E /* SFProDisplay-Black.ttf in Resources */ = {isa = PBXBuildFile; fileRef = 512E0B3A2B28BD4300EA3D9E /* SFProDisplay-Black.ttf */; };
		512E0B442B28BD4300EA3D9E /* SFProDisplay-Light.ttf in Resources */ = {isa = PBXBuildFile; fileRef = 512E0B3B2B28BD4300EA3D9E /* SFProDisplay-Light.ttf */; };
		512E0B452B28BD4300EA3D9E /* SFProDisplay-Regular.ttf in Resources */ = {isa = PBXBuildFile; fileRef = 512E0B3C2B28BD4300EA3D9E /* SFProDisplay-Regular.ttf */; };
		512E0B492B296C5B00EA3D9E /* AddViewController.swift in Sources */ = {isa = PBXBuildFile; fileRef = 512E0B482B296C5B00EA3D9E /* AddViewController.swift */; };
		512E0B4B2B2ABF1000EA3D9E /* Crypto.swift in Sources */ = {isa = PBXBuildFile; fileRef = 512E0B4A2B2ABF1000EA3D9E /* Crypto.swift */; };
		512E0B4D2B2B05B500EA3D9E /* CoinsAPI.swift in Sources */ = {isa = PBXBuildFile; fileRef = 512E0B4C2B2B05B500EA3D9E /* CoinsAPI.swift */; };
/* End PBXBuildFile section */

/* Begin PBXFileReference section */
		511E14AD2B25B0850018F508 /* Quotex ES.app */ = {isa = PBXFileReference; explicitFileType = wrapper.application; includeInIndex = 0; path = "Quotex ES.app"; sourceTree = BUILT_PRODUCTS_DIR; };
		511E14B02B25B0850018F508 /* AppDelegate.swift */ = {isa = PBXFileReference; lastKnownFileType = sourcecode.swift; path = AppDelegate.swift; sourceTree = "<group>"; };
		511E14B22B25B0850018F508 /* SceneDelegate.swift */ = {isa = PBXFileReference; lastKnownFileType = sourcecode.swift; path = SceneDelegate.swift; sourceTree = "<group>"; };
		511E14B72B25B0850018F508 /* Base */ = {isa = PBXFileReference; lastKnownFileType = file.storyboard; name = Base; path = Base.lproj/Main.storyboard; sourceTree = "<group>"; };
		511E14BC2B25B08A0018F508 /* Base */ = {isa = PBXFileReference; lastKnownFileType = file.storyboard; name = Base; path = Base.lproj/LaunchScreen.storyboard; sourceTree = "<group>"; };
		511E14BE2B25B08A0018F508 /* Info.plist */ = {isa = PBXFileReference; lastKnownFileType = text.plist.xml; path = Info.plist; sourceTree = "<group>"; };
		511E14C82B25B11D0018F508 /* QuizViewController.swift */ = {isa = PBXFileReference; fileEncoding = 4; lastKnownFileType = sourcecode.swift; path = QuizViewController.swift; sourceTree = "<group>"; };
		511E14CA2B25B11D0018F508 /* SettingsViewController.swift */ = {isa = PBXFileReference; fileEncoding = 4; lastKnownFileType = sourcecode.swift; path = SettingsViewController.swift; sourceTree = "<group>"; };
		511E14CB2B25B11D0018F508 /* StartScreenViewController.swift */ = {isa = PBXFileReference; fileEncoding = 4; lastKnownFileType = sourcecode.swift; path = StartScreenViewController.swift; sourceTree = "<group>"; };
		511E14CC2B25B11D0018F508 /* StatisticsViewController.swift */ = {isa = PBXFileReference; fileEncoding = 4; lastKnownFileType = sourcecode.swift; path = StatisticsViewController.swift; sourceTree = "<group>"; };
		511E14DE2B25B24A0018F508 /* PortfolioViewController.swift */ = {isa = PBXFileReference; lastKnownFileType = sourcecode.swift; path = PortfolioViewController.swift; sourceTree = "<group>"; };
		511E14E22B25B2990018F508 /* TabBarViewController.swift */ = {isa = PBXFileReference; lastKnownFileType = sourcecode.swift; path = TabBarViewController.swift; sourceTree = "<group>"; };
		511E14E62B25B3CA0018F508 /* InfoTableViewCell.swift */ = {isa = PBXFileReference; fileEncoding = 4; lastKnownFileType = sourcecode.swift; path = InfoTableViewCell.swift; sourceTree = "<group>"; };
		511E14E72B25B3CA0018F508 /* InfoViewController.swift */ = {isa = PBXFileReference; fileEncoding = 4; lastKnownFileType = sourcecode.swift; path = InfoViewController.swift; sourceTree = "<group>"; };
		511E14E82B25B3CA0018F508 /* Info.swift */ = {isa = PBXFileReference; fileEncoding = 4; lastKnownFileType = sourcecode.swift; path = Info.swift; sourceTree = "<group>"; };
		512E0B0B2B25DE0500EA3D9E /* CryptoTableViewCell.swift */ = {isa = PBXFileReference; lastKnownFileType = sourcecode.swift; path = CryptoTableViewCell.swift; sourceTree = "<group>"; };
		512E0B102B25E94E00EA3D9E /* Assets 3.xcassets */ = {isa = PBXFileReference; lastKnownFileType = folder.assetcatalog; path = "Assets 3.xcassets"; sourceTree = "<group>"; };
		512E0B182B28370000EA3D9E /* AboutViewController.swift */ = {isa = PBXFileReference; lastKnownFileType = sourcecode.swift; path = AboutViewController.swift; sourceTree = "<group>"; };
		512E0B1E2B284FDA00EA3D9E /* InfoMassive.swift */ = {isa = PBXFileReference; lastKnownFileType = sourcecode.swift; path = InfoMassive.swift; sourceTree = "<group>"; };
		512E0B342B28BD4200EA3D9E /* SFProDisplay-Bold.ttf */ = {isa = PBXFileReference; lastKnownFileType = file; path = "SFProDisplay-Bold.ttf"; sourceTree = "<group>"; };
		512E0B352B28BD4200EA3D9E /* SFProDisplay-Medium.ttf */ = {isa = PBXFileReference; lastKnownFileType = file; path = "SFProDisplay-Medium.ttf"; sourceTree = "<group>"; };
		512E0B362B28BD4200EA3D9E /* SFProDisplay-Ultralight.ttf */ = {isa = PBXFileReference; lastKnownFileType = file; path = "SFProDisplay-Ultralight.ttf"; sourceTree = "<group>"; };
		512E0B372B28BD4200EA3D9E /* SFProDisplay-Semibold.ttf */ = {isa = PBXFileReference; lastKnownFileType = file; path = "SFProDisplay-Semibold.ttf"; sourceTree = "<group>"; };
		512E0B382B28BD4200EA3D9E /* SFProDisplay-Thin.ttf */ = {isa = PBXFileReference; lastKnownFileType = file; path = "SFProDisplay-Thin.ttf"; sourceTree = "<group>"; };
		512E0B392B28BD4200EA3D9E /* SFProDisplay-Heavy.ttf */ = {isa = PBXFileReference; lastKnownFileType = file; path = "SFProDisplay-Heavy.ttf"; sourceTree = "<group>"; };
		512E0B3A2B28BD4300EA3D9E /* SFProDisplay-Black.ttf */ = {isa = PBXFileReference; lastKnownFileType = file; path = "SFProDisplay-Black.ttf"; sourceTree = "<group>"; };
		512E0B3B2B28BD4300EA3D9E /* SFProDisplay-Light.ttf */ = {isa = PBXFileReference; lastKnownFileType = file; path = "SFProDisplay-Light.ttf"; sourceTree = "<group>"; };
		512E0B3C2B28BD4300EA3D9E /* SFProDisplay-Regular.ttf */ = {isa = PBXFileReference; lastKnownFileType = file; path = "SFProDisplay-Regular.ttf"; sourceTree = "<group>"; };
		512E0B482B296C5B00EA3D9E /* AddViewController.swift */ = {isa = PBXFileReference; lastKnownFileType = sourcecode.swift; path = AddViewController.swift; sourceTree = "<group>"; };
		512E0B4A2B2ABF1000EA3D9E /* Crypto.swift */ = {isa = PBXFileReference; lastKnownFileType = sourcecode.swift; path = Crypto.swift; sourceTree = "<group>"; };
		512E0B4C2B2B05B500EA3D9E /* CoinsAPI.swift */ = {isa = PBXFileReference; lastKnownFileType = sourcecode.swift; path = CoinsAPI.swift; sourceTree = "<group>"; };
/* End PBXFileReference section */

/* Begin PBXFrameworksBuildPhase section */
		511E14AA2B25B0850018F508 /* Frameworks */ = {
			isa = PBXFrameworksBuildPhase;
			buildActionMask = 2147483647;
			files = (
				512E0B242B2868E600EA3D9E /* DGChartsDynamic in Frameworks */,
				511E14F12B25B4610018F508 /* SnapKit in Frameworks */,
				512E0B262B286A7A00EA3D9E /* DGCharts in Frameworks */,
				512E0B222B2868E600EA3D9E /* DGCharts in Frameworks */,
				512E0B282B286A7A00EA3D9E /* DGChartsDynamic in Frameworks */,
				511E14F32B25B4610018F508 /* SnapKit-Dynamic in Frameworks */,
			);
			runOnlyForDeploymentPostprocessing = 0;
		};
/* End PBXFrameworksBuildPhase section */

/* Begin PBXGroup section */
		511E14A42B25B0850018F508 = {
			isa = PBXGroup;
			children = (
				511E14AF2B25B0850018F508 /* Quotex ES */,
				511E14AE2B25B0850018F508 /* Products */,
			);
			sourceTree = "<group>";
		};
		511E14AE2B25B0850018F508 /* Products */ = {
			isa = PBXGroup;
			children = (
				511E14AD2B25B0850018F508 /* Quotex ES.app */,
			);
			name = Products;
			sourceTree = "<group>";
		};
		511E14AF2B25B0850018F508 /* Quotex ES */ = {
			isa = PBXGroup;
			children = (
				511E14EC2B25B3ED0018F508 /* Delegate */,
				511E14E02B25B26B0018F508 /* start */,
				511E14E42B25B2A60018F508 /* tabBar */,
				512E0B0E2B25DEF000EA3D9E /* portfolio */,
				512E0B122B275B8400EA3D9E /* statistics */,
				512E0B292B28A96900EA3D9E /* settings */,
				511E14E52B25B2C10018F508 /* info */,
				511E14ED2B25B4110018F508 /* helpers */,
				512E0B4E2B2B291B00EA3D9E /* SFPpo */,
				511E14B62B25B0850018F508 /* Main.storyboard */,
				511E14BB2B25B08A0018F508 /* LaunchScreen.storyboard */,
				511E14BE2B25B08A0018F508 /* Info.plist */,
			);
			path = "Quotex ES";
			sourceTree = "<group>";
		};
		511E14E02B25B26B0018F508 /* start */ = {
			isa = PBXGroup;
			children = (
				511E14C82B25B11D0018F508 /* QuizViewController.swift */,
				511E14CB2B25B11D0018F508 /* StartScreenViewController.swift */,
			);
			path = start;
			sourceTree = "<group>";
		};
		511E14E42B25B2A60018F508 /* tabBar */ = {
			isa = PBXGroup;
			children = (
				511E14E22B25B2990018F508 /* TabBarViewController.swift */,
			);
			path = tabBar;
			sourceTree = "<group>";
		};
		511E14E52B25B2C10018F508 /* info */ = {
			isa = PBXGroup;
			children = (
				511E14E82B25B3CA0018F508 /* Info.swift */,
				511E14E72B25B3CA0018F508 /* InfoViewController.swift */,
				511E14E62B25B3CA0018F508 /* InfoTableViewCell.swift */,
				512E0B182B28370000EA3D9E /* AboutViewController.swift */,
				512E0B1E2B284FDA00EA3D9E /* InfoMassive.swift */,
			);
			path = info;
			sourceTree = "<group>";
		};
		511E14EC2B25B3ED0018F508 /* Delegate */ = {
			isa = PBXGroup;
			children = (
				511E14B02B25B0850018F508 /* AppDelegate.swift */,
				511E14B22B25B0850018F508 /* SceneDelegate.swift */,
			);
			path = Delegate;
			sourceTree = "<group>";
		};
		511E14ED2B25B4110018F508 /* helpers */ = {
			isa = PBXGroup;
			children = (
				512E0B102B25E94E00EA3D9E /* Assets 3.xcassets */,
			);
			path = helpers;
			sourceTree = "<group>";
		};
		512E0B0E2B25DEF000EA3D9E /* portfolio */ = {
			isa = PBXGroup;
			children = (
				511E14DE2B25B24A0018F508 /* PortfolioViewController.swift */,
				512E0B0B2B25DE0500EA3D9E /* CryptoTableViewCell.swift */,
				512E0B482B296C5B00EA3D9E /* AddViewController.swift */,
				512E0B4A2B2ABF1000EA3D9E /* Crypto.swift */,
				512E0B4C2B2B05B500EA3D9E /* CoinsAPI.swift */,
			);
			path = portfolio;
			sourceTree = "<group>";
		};
		512E0B122B275B8400EA3D9E /* statistics */ = {
			isa = PBXGroup;
			children = (
				511E14CC2B25B11D0018F508 /* StatisticsViewController.swift */,
			);
			path = statistics;
			sourceTree = "<group>";
		};
		512E0B292B28A96900EA3D9E /* settings */ = {
			isa = PBXGroup;
			children = (
				511E14CA2B25B11D0018F508 /* SettingsViewController.swift */,
			);
			path = settings;
			sourceTree = "<group>";
		};
		512E0B4E2B2B291B00EA3D9E /* SFPpo */ = {
			isa = PBXGroup;
			children = (
				512E0B3A2B28BD4300EA3D9E /* SFProDisplay-Black.ttf */,
				512E0B342B28BD4200EA3D9E /* SFProDisplay-Bold.ttf */,
				512E0B392B28BD4200EA3D9E /* SFProDisplay-Heavy.ttf */,
				512E0B3B2B28BD4300EA3D9E /* SFProDisplay-Light.ttf */,
				512E0B352B28BD4200EA3D9E /* SFProDisplay-Medium.ttf */,
				512E0B3C2B28BD4300EA3D9E /* SFProDisplay-Regular.ttf */,
				512E0B372B28BD4200EA3D9E /* SFProDisplay-Semibold.ttf */,
				512E0B382B28BD4200EA3D9E /* SFProDisplay-Thin.ttf */,
				512E0B362B28BD4200EA3D9E /* SFProDisplay-Ultralight.ttf */,
			);
			path = SFPpo;
			sourceTree = "<group>";
		};
/* End PBXGroup section */

/* Begin PBXNativeTarget section */
		511E14AC2B25B0850018F508 /* Quotex ES */ = {
			isa = PBXNativeTarget;
			buildConfigurationList = 511E14C12B25B08A0018F508 /* Build configuration list for PBXNativeTarget "Quotex ES" */;
			buildPhases = (
				511E14A92B25B0850018F508 /* Sources */,
				511E14AA2B25B0850018F508 /* Frameworks */,
				511E14AB2B25B0850018F508 /* Resources */,
			);
			buildRules = (
			);
			dependencies = (
			);
			name = "Quotex ES";
			packageProductDependencies = (
				511E14F02B25B4610018F508 /* SnapKit */,
				511E14F22B25B4610018F508 /* SnapKit-Dynamic */,
				512E0B212B2868E600EA3D9E /* DGCharts */,
				512E0B232B2868E600EA3D9E /* DGChartsDynamic */,
				512E0B252B286A7A00EA3D9E /* DGCharts */,
				512E0B272B286A7A00EA3D9E /* DGChartsDynamic */,
			);
			productName = "Quotex ES";
			productReference = 511E14AD2B25B0850018F508 /* Quotex ES.app */;
			productType = "com.apple.product-type.application";
		};
/* End PBXNativeTarget section */

/* Begin PBXProject section */
		511E14A52B25B0850018F508 /* Project object */ = {
			isa = PBXProject;
			attributes = {
				BuildIndependentTargetsInParallel = 1;
				LastSwiftUpdateCheck = 1500;
				LastUpgradeCheck = 1500;
				TargetAttributes = {
					511E14AC2B25B0850018F508 = {
						CreatedOnToolsVersion = 15.0.1;
					};
				};
			};
			buildConfigurationList = 511E14A82B25B0850018F508 /* Build configuration list for PBXProject "Quotex ES" */;
			compatibilityVersion = "Xcode 14.0";
			developmentRegion = en;
			hasScannedForEncodings = 0;
			knownRegions = (
				en,
				Base,
			);
			mainGroup = 511E14A42B25B0850018F508;
			packageReferences = (
				511E14EF2B25B4610018F508 /* XCRemoteSwiftPackageReference "SnapKit" */,
				512E0B202B2868E600EA3D9E /* XCRemoteSwiftPackageReference "Charts" */,
			);
			productRefGroup = 511E14AE2B25B0850018F508 /* Products */;
			projectDirPath = "";
			projectRoot = "";
			targets = (
				511E14AC2B25B0850018F508 /* Quotex ES */,
			);
		};
/* End PBXProject section */

/* Begin PBXResourcesBuildPhase section */
		511E14AB2B25B0850018F508 /* Resources */ = {
			isa = PBXResourcesBuildPhase;
			buildActionMask = 2147483647;
			files = (
				512E0B422B28BD4300EA3D9E /* SFProDisplay-Heavy.ttf in Resources */,
				511E14BD2B25B08A0018F508 /* LaunchScreen.storyboard in Resources */,
				512E0B432B28BD4300EA3D9E /* SFProDisplay-Black.ttf in Resources */,
				512E0B452B28BD4300EA3D9E /* SFProDisplay-Regular.ttf in Resources */,
				512E0B442B28BD4300EA3D9E /* SFProDisplay-Light.ttf in Resources */,
				512E0B402B28BD4300EA3D9E /* SFProDisplay-Semibold.ttf in Resources */,
				512E0B412B28BD4300EA3D9E /* SFProDisplay-Thin.ttf in Resources */,
				511E14B82B25B0850018F508 /* Main.storyboard in Resources */,
				512E0B3D2B28BD4300EA3D9E /* SFProDisplay-Bold.ttf in Resources */,
				512E0B112B25E94E00EA3D9E /* Assets 3.xcassets in Resources */,
				512E0B3F2B28BD4300EA3D9E /* SFProDisplay-Ultralight.ttf in Resources */,
				512E0B3E2B28BD4300EA3D9E /* SFProDisplay-Medium.ttf in Resources */,
			);
			runOnlyForDeploymentPostprocessing = 0;
		};
/* End PBXResourcesBuildPhase section */

/* Begin PBXSourcesBuildPhase section */
		511E14A92B25B0850018F508 /* Sources */ = {
			isa = PBXSourcesBuildPhase;
			buildActionMask = 2147483647;
			files = (
				512E0B1F2B284FDA00EA3D9E /* InfoMassive.swift in Sources */,
				511E14E32B25B29A0018F508 /* TabBarViewController.swift in Sources */,
				511E14B12B25B0850018F508 /* AppDelegate.swift in Sources */,
				511E14B32B25B0850018F508 /* SceneDelegate.swift in Sources */,
				512E0B4D2B2B05B500EA3D9E /* CoinsAPI.swift in Sources */,
				511E14E92B25B3CA0018F508 /* InfoTableViewCell.swift in Sources */,
				512E0B492B296C5B00EA3D9E /* AddViewController.swift in Sources */,
				511E14EA2B25B3CA0018F508 /* InfoViewController.swift in Sources */,
				511E14D12B25B11D0018F508 /* StartScreenViewController.swift in Sources */,
				512E0B4B2B2ABF1000EA3D9E /* Crypto.swift in Sources */,
				511E14D02B25B11D0018F508 /* SettingsViewController.swift in Sources */,
				511E14DF2B25B24A0018F508 /* PortfolioViewController.swift in Sources */,
				512E0B0C2B25DE0500EA3D9E /* CryptoTableViewCell.swift in Sources */,
				511E14CE2B25B11D0018F508 /* QuizViewController.swift in Sources */,
				511E14D22B25B11D0018F508 /* StatisticsViewController.swift in Sources */,
				512E0B192B28370000EA3D9E /* AboutViewController.swift in Sources */,
				511E14EB2B25B3CA0018F508 /* Info.swift in Sources */,
			);
			runOnlyForDeploymentPostprocessing = 0;
		};
/* End PBXSourcesBuildPhase section */

/* Begin PBXVariantGroup section */
		511E14B62B25B0850018F508 /* Main.storyboard */ = {
			isa = PBXVariantGroup;
			children = (
				511E14B72B25B0850018F508 /* Base */,
			);
			name = Main.storyboard;
			sourceTree = "<group>";
		};
		511E14BB2B25B08A0018F508 /* LaunchScreen.storyboard */ = {
			isa = PBXVariantGroup;
			children = (
				511E14BC2B25B08A0018F508 /* Base */,
			);
			name = LaunchScreen.storyboard;
			sourceTree = "<group>";
		};
/* End PBXVariantGroup section */

/* Begin XCBuildConfiguration section */
		511E14BF2B25B08A0018F508 /* Debug */ = {
			isa = XCBuildConfiguration;
			buildSettings = {
				ALWAYS_SEARCH_USER_PATHS = NO;
				ASSETCATALOG_COMPILER_GENERATE_SWIFT_ASSET_SYMBOL_EXTENSIONS = YES;
				CLANG_ANALYZER_NONNULL = YES;
				CLANG_ANALYZER_NUMBER_OBJECT_CONVERSION = YES_AGGRESSIVE;
				CLANG_CXX_LANGUAGE_STANDARD = "gnu++20";
				CLANG_ENABLE_MODULES = YES;
				CLANG_ENABLE_OBJC_ARC = YES;
				CLANG_ENABLE_OBJC_WEAK = YES;
				CLANG_WARN_BLOCK_CAPTURE_AUTORELEASING = YES;
				CLANG_WARN_BOOL_CONVERSION = YES;
				CLANG_WARN_COMMA = YES;
				CLANG_WARN_CONSTANT_CONVERSION = YES;
				CLANG_WARN_DEPRECATED_OBJC_IMPLEMENTATIONS = YES;
				CLANG_WARN_DIRECT_OBJC_ISA_USAGE = YES_ERROR;
				CLANG_WARN_DOCUMENTATION_COMMENTS = YES;
				CLANG_WARN_EMPTY_BODY = YES;
				CLANG_WARN_ENUM_CONVERSION = YES;
				CLANG_WARN_INFINITE_RECURSION = YES;
				CLANG_WARN_INT_CONVERSION = YES;
				CLANG_WARN_NON_LITERAL_NULL_CONVERSION = YES;
				CLANG_WARN_OBJC_IMPLICIT_RETAIN_SELF = YES;
				CLANG_WARN_OBJC_LITERAL_CONVERSION = YES;
				CLANG_WARN_OBJC_ROOT_CLASS = YES_ERROR;
				CLANG_WARN_QUOTED_INCLUDE_IN_FRAMEWORK_HEADER = YES;
				CLANG_WARN_RANGE_LOOP_ANALYSIS = YES;
				CLANG_WARN_STRICT_PROTOTYPES = YES;
				CLANG_WARN_SUSPICIOUS_MOVE = YES;
				CLANG_WARN_UNGUARDED_AVAILABILITY = YES_AGGRESSIVE;
				CLANG_WARN_UNREACHABLE_CODE = YES;
				CLANG_WARN__DUPLICATE_METHOD_MATCH = YES;
				COPY_PHASE_STRIP = NO;
				DEBUG_INFORMATION_FORMAT = dwarf;
				ENABLE_STRICT_OBJC_MSGSEND = YES;
				ENABLE_TESTABILITY = YES;
				ENABLE_USER_SCRIPT_SANDBOXING = YES;
				GCC_C_LANGUAGE_STANDARD = gnu17;
				GCC_DYNAMIC_NO_PIC = NO;
				GCC_NO_COMMON_BLOCKS = YES;
				GCC_OPTIMIZATION_LEVEL = 0;
				GCC_PREPROCESSOR_DEFINITIONS = (
					"DEBUG=1",
					"$(inherited)",
				);
				GCC_WARN_64_TO_32_BIT_CONVERSION = YES;
				GCC_WARN_ABOUT_RETURN_TYPE = YES_ERROR;
				GCC_WARN_UNDECLARED_SELECTOR = YES;
				GCC_WARN_UNINITIALIZED_AUTOS = YES_AGGRESSIVE;
				GCC_WARN_UNUSED_FUNCTION = YES;
				GCC_WARN_UNUSED_VARIABLE = YES;
				IPHONEOS_DEPLOYMENT_TARGET = 17.0;
				LOCALIZATION_PREFERS_STRING_CATALOGS = YES;
				MTL_ENABLE_DEBUG_INFO = INCLUDE_SOURCE;
				MTL_FAST_MATH = YES;
				ONLY_ACTIVE_ARCH = YES;
				SDKROOT = iphoneos;
				SWIFT_ACTIVE_COMPILATION_CONDITIONS = "DEBUG $(inherited)";
				SWIFT_OPTIMIZATION_LEVEL = "-Onone";
			};
			name = Debug;
		};
		511E14C02B25B08A0018F508 /* Release */ = {
			isa = XCBuildConfiguration;
			buildSettings = {
				ALWAYS_SEARCH_USER_PATHS = NO;
				ASSETCATALOG_COMPILER_GENERATE_SWIFT_ASSET_SYMBOL_EXTENSIONS = YES;
				CLANG_ANALYZER_NONNULL = YES;
				CLANG_ANALYZER_NUMBER_OBJECT_CONVERSION = YES_AGGRESSIVE;
				CLANG_CXX_LANGUAGE_STANDARD = "gnu++20";
				CLANG_ENABLE_MODULES = YES;
				CLANG_ENABLE_OBJC_ARC = YES;
				CLANG_ENABLE_OBJC_WEAK = YES;
				CLANG_WARN_BLOCK_CAPTURE_AUTORELEASING = YES;
				CLANG_WARN_BOOL_CONVERSION = YES;
				CLANG_WARN_COMMA = YES;
				CLANG_WARN_CONSTANT_CONVERSION = YES;
				CLANG_WARN_DEPRECATED_OBJC_IMPLEMENTATIONS = YES;
				CLANG_WARN_DIRECT_OBJC_ISA_USAGE = YES_ERROR;
				CLANG_WARN_DOCUMENTATION_COMMENTS = YES;
				CLANG_WARN_EMPTY_BODY = YES;
				CLANG_WARN_ENUM_CONVERSION = YES;
				CLANG_WARN_INFINITE_RECURSION = YES;
				CLANG_WARN_INT_CONVERSION = YES;
				CLANG_WARN_NON_LITERAL_NULL_CONVERSION = YES;
				CLANG_WARN_OBJC_IMPLICIT_RETAIN_SELF = YES;
				CLANG_WARN_OBJC_LITERAL_CONVERSION = YES;
				CLANG_WARN_OBJC_ROOT_CLASS = YES_ERROR;
				CLANG_WARN_QUOTED_INCLUDE_IN_FRAMEWORK_HEADER = YES;
				CLANG_WARN_RANGE_LOOP_ANALYSIS = YES;
				CLANG_WARN_STRICT_PROTOTYPES = YES;
				CLANG_WARN_SUSPICIOUS_MOVE = YES;
				CLANG_WARN_UNGUARDED_AVAILABILITY = YES_AGGRESSIVE;
				CLANG_WARN_UNREACHABLE_CODE = YES;
				CLANG_WARN__DUPLICATE_METHOD_MATCH = YES;
				COPY_PHASE_STRIP = NO;
				DEBUG_INFORMATION_FORMAT = "dwarf-with-dsym";
				ENABLE_NS_ASSERTIONS = NO;
				ENABLE_STRICT_OBJC_MSGSEND = YES;
				ENABLE_USER_SCRIPT_SANDBOXING = YES;
				GCC_C_LANGUAGE_STANDARD = gnu17;
				GCC_NO_COMMON_BLOCKS = YES;
				GCC_WARN_64_TO_32_BIT_CONVERSION = YES;
				GCC_WARN_ABOUT_RETURN_TYPE = YES_ERROR;
				GCC_WARN_UNDECLARED_SELECTOR = YES;
				GCC_WARN_UNINITIALIZED_AUTOS = YES_AGGRESSIVE;
				GCC_WARN_UNUSED_FUNCTION = YES;
				GCC_WARN_UNUSED_VARIABLE = YES;
				IPHONEOS_DEPLOYMENT_TARGET = 17.0;
				LOCALIZATION_PREFERS_STRING_CATALOGS = YES;
				MTL_ENABLE_DEBUG_INFO = NO;
				MTL_FAST_MATH = YES;
				SDKROOT = iphoneos;
				SWIFT_COMPILATION_MODE = wholemodule;
				VALIDATE_PRODUCT = YES;
			};
			name = Release;
		};
		511E14C22B25B08A0018F508 /* Debug */ = {
			isa = XCBuildConfiguration;
			buildSettings = {
				ASSETCATALOG_COMPILER_APPICON_NAME = AppIcon;
				ASSETCATALOG_COMPILER_GLOBAL_ACCENT_COLOR_NAME = AccentColor;
				CODE_SIGN_STYLE = Automatic;
				CURRENT_PROJECT_VERSION = 1;
				DEVELOPMENT_TEAM = RHRNFDRXGF;
				GENERATE_INFOPLIST_FILE = YES;
				INFOPLIST_FILE = "Quotex ES/Info.plist";
				INFOPLIST_KEY_UIApplicationSupportsIndirectInputEvents = YES;
				INFOPLIST_KEY_UILaunchStoryboardName = LaunchScreen;
				INFOPLIST_KEY_UIMainStoryboardFile = Main;
				INFOPLIST_KEY_UISupportedInterfaceOrientations_iPad = "UIInterfaceOrientationPortrait UIInterfaceOrientationPortraitUpsideDown UIInterfaceOrientationLandscapeLeft UIInterfaceOrientationLandscapeRight";
				INFOPLIST_KEY_UISupportedInterfaceOrientations_iPhone = "UIInterfaceOrientationPortrait UIInterfaceOrientationLandscapeLeft UIInterfaceOrientationLandscapeRight";
				LD_RUNPATH_SEARCH_PATHS = (
					"$(inherited)",
					"@executable_path/Frameworks",
				);
				MARKETING_VERSION = 1.0;
				PRODUCT_BUNDLE_IDENTIFIER = "com.example.Quotex-ES";
				PRODUCT_NAME = "$(TARGET_NAME)";
				SWIFT_EMIT_LOC_STRINGS = YES;
				SWIFT_VERSION = 5.0;
				TARGETED_DEVICE_FAMILY = "1,2";
			};
			name = Debug;
		};
		511E14C32B25B08A0018F508 /* Release */ = {
			isa = XCBuildConfiguration;
			buildSettings = {
				ASSETCATALOG_COMPILER_APPICON_NAME = AppIcon;
				ASSETCATALOG_COMPILER_GLOBAL_ACCENT_COLOR_NAME = AccentColor;
				CODE_SIGN_STYLE = Automatic;
				CURRENT_PROJECT_VERSION = 1;
				DEVELOPMENT_TEAM = RHRNFDRXGF;
				GENERATE_INFOPLIST_FILE = YES;
				INFOPLIST_FILE = "Quotex ES/Info.plist";
				INFOPLIST_KEY_UIApplicationSupportsIndirectInputEvents = YES;
				INFOPLIST_KEY_UILaunchStoryboardName = LaunchScreen;
				INFOPLIST_KEY_UIMainStoryboardFile = Main;
				INFOPLIST_KEY_UISupportedInterfaceOrientations_iPad = "UIInterfaceOrientationPortrait UIInterfaceOrientationPortraitUpsideDown UIInterfaceOrientationLandscapeLeft UIInterfaceOrientationLandscapeRight";
				INFOPLIST_KEY_UISupportedInterfaceOrientations_iPhone = "UIInterfaceOrientationPortrait UIInterfaceOrientationLandscapeLeft UIInterfaceOrientationLandscapeRight";
				LD_RUNPATH_SEARCH_PATHS = (
					"$(inherited)",
					"@executable_path/Frameworks",
				);
				MARKETING_VERSION = 1.0;
				PRODUCT_BUNDLE_IDENTIFIER = "com.example.Quotex-ES";
				PRODUCT_NAME = "$(TARGET_NAME)";
				SWIFT_EMIT_LOC_STRINGS = YES;
				SWIFT_VERSION = 5.0;
				TARGETED_DEVICE_FAMILY = "1,2";
			};
			name = Release;
		};
/* End XCBuildConfiguration section */

/* Begin XCConfigurationList section */
		511E14A82B25B0850018F508 /* Build configuration list for PBXProject "Quotex ES" */ = {
			isa = XCConfigurationList;
			buildConfigurations = (
				511E14BF2B25B08A0018F508 /* Debug */,
				511E14C02B25B08A0018F508 /* Release */,
			);
			defaultConfigurationIsVisible = 0;
			defaultConfigurationName = Release;
		};
		511E14C12B25B08A0018F508 /* Build configuration list for PBXNativeTarget "Quotex ES" */ = {
			isa = XCConfigurationList;
			buildConfigurations = (
				511E14C22B25B08A0018F508 /* Debug */,
				511E14C32B25B08A0018F508 /* Release */,
			);
			defaultConfigurationIsVisible = 0;
			defaultConfigurationName = Release;
		};
/* End XCConfigurationList section */

/* Begin XCRemoteSwiftPackageReference section */
		511E14EF2B25B4610018F508 /* XCRemoteSwiftPackageReference "SnapKit" */ = {
			isa = XCRemoteSwiftPackageReference;
			repositoryURL = "https://github.com/SnapKit/SnapKit";
			requirement = {
				kind = upToNextMajorVersion;
				minimumVersion = 5.6.0;
			};
		};
		512E0B202B2868E600EA3D9E /* XCRemoteSwiftPackageReference "Charts" */ = {
			isa = XCRemoteSwiftPackageReference;
			repositoryURL = "https://github.com/danielgindi/Charts";
			requirement = {
				kind = upToNextMajorVersion;
				minimumVersion = 5.0.0;
			};
		};
/* End XCRemoteSwiftPackageReference section */

/* Begin XCSwiftPackageProductDependency section */
		511E14F02B25B4610018F508 /* SnapKit */ = {
			isa = XCSwiftPackageProductDependency;
			package = 511E14EF2B25B4610018F508 /* XCRemoteSwiftPackageReference "SnapKit" */;
			productName = SnapKit;
		};
		511E14F22B25B4610018F508 /* SnapKit-Dynamic */ = {
			isa = XCSwiftPackageProductDependency;
			package = 511E14EF2B25B4610018F508 /* XCRemoteSwiftPackageReference "SnapKit" */;
			productName = "SnapKit-Dynamic";
		};
		512E0B212B2868E600EA3D9E /* DGCharts */ = {
			isa = XCSwiftPackageProductDependency;
			package = 512E0B202B2868E600EA3D9E /* XCRemoteSwiftPackageReference "Charts" */;
			productName = DGCharts;
		};
		512E0B232B2868E600EA3D9E /* DGChartsDynamic */ = {
			isa = XCSwiftPackageProductDependency;
			package = 512E0B202B2868E600EA3D9E /* XCRemoteSwiftPackageReference "Charts" */;
			productName = DGChartsDynamic;
		};
		512E0B252B286A7A00EA3D9E /* DGCharts */ = {
			isa = XCSwiftPackageProductDependency;
			package = 512E0B202B2868E600EA3D9E /* XCRemoteSwiftPackageReference "Charts" */;
			productName = DGCharts;
		};
		512E0B272B286A7A00EA3D9E /* DGChartsDynamic */ = {
			isa = XCSwiftPackageProductDependency;
			package = 512E0B202B2868E600EA3D9E /* XCRemoteSwiftPackageReference "Charts" */;
			productName = DGChartsDynamic;
		};
/* End XCSwiftPackageProductDependency section */
	};
	rootObject = 511E14A52B25B0850018F508 /* Project object */;
}
